
Microsoft Visual Studio Solution File, Format Version 12.00
# Visual Studio 15
VisualStudioVersion = 15.0.27130.2010
MinimumVisualStudioVersion = 10.0.40219.1
Project("{2150E333-8FDC-42A3-9474-1A3956D46DE8}") = ".solution", ".solution", "{EA0E8885-9387-4A54-8DE6-65EB2431C1B9}"
	ProjectSection(SolutionItems) = preProject
		.gitignore = .gitignore
		appsettings.default.json = appsettings.default.json
		icon.ico = icon.ico
		LICENSE = LICENSE
		README.md = README.md
	EndProjectSection
EndProject
Project("{2150E333-8FDC-42A3-9474-1A3956D46DE8}") = ".tests", ".tests", "{5882DF01-3C68-4B17-9D36-5AA83E5119EE}"
EndProject
Project("{9A19103F-16F7-4668-BE54-9A1E7A4F7556}") = "Nano.App", "Nano.Libraries\Nano.App\Nano.App.csproj", "{30C59216-F05B-421F-AB63-FA9F8F3BE7EB}"
EndProject
Project("{9A19103F-16F7-4668-BE54-9A1E7A4F7556}") = "Nano.Data", "Nano.Libraries\Nano.Data\Nano.Data.csproj", "{DEE41ECD-6E6F-4BB4-A6B8-030902EE8F3D}"
EndProject
Project("{9A19103F-16F7-4668-BE54-9A1E7A4F7556}") = "Nano.Eventing", "Nano.Libraries\Nano.Eventing\Nano.Eventing.csproj", "{4029100B-5836-40CD-A96E-7F0955CA233A}"
EndProject
Project("{9A19103F-16F7-4668-BE54-9A1E7A4F7556}") = "Nano.Models", "Nano.Libraries\Nano.Models\Nano.Models.csproj", "{A3EC71B9-32D6-4AFD-B735-4811AA5D22A6}"
EndProject
Project("{9A19103F-16F7-4668-BE54-9A1E7A4F7556}") = "Nano.Logging", "Nano.Libraries\Nano.Logging\Nano.Logging.csproj", "{D47C35D5-A4BF-4D4D-A413-5B23CA41907E}"
EndProject
Project("{9A19103F-16F7-4668-BE54-9A1E7A4F7556}") = "Nano.Services", "Nano.Libraries\Nano.Services\Nano.Services.csproj", "{78C7785C-DE83-4D9B-B051-DA9631DD265E}"
EndProject
Project("{9A19103F-16F7-4668-BE54-9A1E7A4F7556}") = "Nano.Web", "Nano.Libraries\Nano.Web\Nano.Web.csproj", "{91EC0382-C412-47C2-B0C7-5D4CD4CB46B1}"
EndProject
Project("{9A19103F-16F7-4668-BE54-9A1E7A4F7556}") = "Tests.Nano.App", "Nano.Libraries\Tests.Nano.App\Tests.Nano.App.csproj", "{DA62B0E6-4917-43DF-B465-900B44B749EA}"
EndProject
Project("{9A19103F-16F7-4668-BE54-9A1E7A4F7556}") = "Tests.Nano.Data", "Nano.Libraries\Tests.Nano.Data\Tests.Nano.Data.csproj", "{B0300EAE-581C-48B9-8341-3B32C92A892B}"
EndProject
Project("{9A19103F-16F7-4668-BE54-9A1E7A4F7556}") = "Tests.Nano.Web", "Nano.Libraries\Tests.Nano.Web\Tests.Nano.Web.csproj", "{6420EE00-875B-49A9-87EF-DC297D6D7920}"
EndProject
Project("{9A19103F-16F7-4668-BE54-9A1E7A4F7556}") = "Tests.Nano.Services", "Nano.Libraries\Tests.Nano.Services\Tests.Nano.Services.csproj", "{0CDED490-8FDB-480C-A599-C945EC1E9E2D}"
EndProject
Project("{9A19103F-16F7-4668-BE54-9A1E7A4F7556}") = "Tests.Nano.Models", "Nano.Libraries\Tests.Nano.Models\Tests.Nano.Models.csproj", "{3D7865AB-1A60-4BB9-AE9D-26DE044284CD}"
EndProject
Project("{9A19103F-16F7-4668-BE54-9A1E7A4F7556}") = "Tests.Nano.Logging", "Nano.Libraries\Tests.Nano.Logging\Tests.Nano.Logging.csproj", "{5C41F908-C978-4DE2-937C-706682EDE63E}"
EndProject
Project("{9A19103F-16F7-4668-BE54-9A1E7A4F7556}") = "Tests.Nano.Eventing", "Nano.Libraries\Tests.Nano.Eventing\Tests.Nano.Eventing.csproj", "{4F30191C-98BA-4619-8A22-AE6850D42CEC}"
EndProject
Project("{9A19103F-16F7-4668-BE54-9A1E7A4F7556}") = "Nano.Core", "Nano.Core\Nano.Core.csproj", "{4422CB27-B87E-4058-B7C0-DFF740ED8E65}"
EndProject
Project("{2150E333-8FDC-42A3-9474-1A3956D46DE8}") = "Nano.Libraries", "Nano.Libraries", "{9D7EB74B-BC34-48A2-8C5E-18BEEE82D763}"
EndProject
Project("{9A19103F-16F7-4668-BE54-9A1E7A4F7556}") = "Tests.Nano", "Nano.Libraries\Tests.Nano\Tests.Nano.csproj", "{8B36E3D0-D8DD-426F-A769-8C26B9308987}"
EndProject
Global
	GlobalSection(SolutionConfigurationPlatforms) = preSolution
		Debug|Any CPU = Debug|Any CPU
		Release|Any CPU = Release|Any CPU
	EndGlobalSection
	GlobalSection(ProjectConfigurationPlatforms) = postSolution
		{30C59216-F05B-421F-AB63-FA9F8F3BE7EB}.Debug|Any CPU.ActiveCfg = Debug|Any CPU
		{30C59216-F05B-421F-AB63-FA9F8F3BE7EB}.Debug|Any CPU.Build.0 = Debug|Any CPU
		{30C59216-F05B-421F-AB63-FA9F8F3BE7EB}.Release|Any CPU.ActiveCfg = Release|Any CPU
		{30C59216-F05B-421F-AB63-FA9F8F3BE7EB}.Release|Any CPU.Build.0 = Release|Any CPU
		{DEE41ECD-6E6F-4BB4-A6B8-030902EE8F3D}.Debug|Any CPU.ActiveCfg = Debug|Any CPU
		{DEE41ECD-6E6F-4BB4-A6B8-030902EE8F3D}.Debug|Any CPU.Build.0 = Debug|Any CPU
		{DEE41ECD-6E6F-4BB4-A6B8-030902EE8F3D}.Release|Any CPU.ActiveCfg = Release|Any CPU
		{DEE41ECD-6E6F-4BB4-A6B8-030902EE8F3D}.Release|Any CPU.Build.0 = Release|Any CPU
		{4029100B-5836-40CD-A96E-7F0955CA233A}.Debug|Any CPU.ActiveCfg = Debug|Any CPU
		{4029100B-5836-40CD-A96E-7F0955CA233A}.Debug|Any CPU.Build.0 = Debug|Any CPU
		{4029100B-5836-40CD-A96E-7F0955CA233A}.Release|Any CPU.ActiveCfg = Release|Any CPU
		{4029100B-5836-40CD-A96E-7F0955CA233A}.Release|Any CPU.Build.0 = Release|Any CPU
		{A3EC71B9-32D6-4AFD-B735-4811AA5D22A6}.Debug|Any CPU.ActiveCfg = Debug|Any CPU
		{A3EC71B9-32D6-4AFD-B735-4811AA5D22A6}.Debug|Any CPU.Build.0 = Debug|Any CPU
		{A3EC71B9-32D6-4AFD-B735-4811AA5D22A6}.Release|Any CPU.ActiveCfg = Release|Any CPU
		{A3EC71B9-32D6-4AFD-B735-4811AA5D22A6}.Release|Any CPU.Build.0 = Release|Any CPU
		{D47C35D5-A4BF-4D4D-A413-5B23CA41907E}.Debug|Any CPU.ActiveCfg = Debug|Any CPU
		{D47C35D5-A4BF-4D4D-A413-5B23CA41907E}.Debug|Any CPU.Build.0 = Debug|Any CPU
		{D47C35D5-A4BF-4D4D-A413-5B23CA41907E}.Release|Any CPU.ActiveCfg = Release|Any CPU
		{D47C35D5-A4BF-4D4D-A413-5B23CA41907E}.Release|Any CPU.Build.0 = Release|Any CPU
		{78C7785C-DE83-4D9B-B051-DA9631DD265E}.Debug|Any CPU.ActiveCfg = Debug|Any CPU
		{78C7785C-DE83-4D9B-B051-DA9631DD265E}.Debug|Any CPU.Build.0 = Debug|Any CPU
		{78C7785C-DE83-4D9B-B051-DA9631DD265E}.Release|Any CPU.ActiveCfg = Release|Any CPU
		{78C7785C-DE83-4D9B-B051-DA9631DD265E}.Release|Any CPU.Build.0 = Release|Any CPU
		{91EC0382-C412-47C2-B0C7-5D4CD4CB46B1}.Debug|Any CPU.ActiveCfg = Debug|Any CPU
		{91EC0382-C412-47C2-B0C7-5D4CD4CB46B1}.Debug|Any CPU.Build.0 = Debug|Any CPU
		{91EC0382-C412-47C2-B0C7-5D4CD4CB46B1}.Release|Any CPU.ActiveCfg = Release|Any CPU
		{91EC0382-C412-47C2-B0C7-5D4CD4CB46B1}.Release|Any CPU.Build.0 = Release|Any CPU
		{DA62B0E6-4917-43DF-B465-900B44B749EA}.Debug|Any CPU.ActiveCfg = Debug|Any CPU
		{DA62B0E6-4917-43DF-B465-900B44B749EA}.Debug|Any CPU.Build.0 = Debug|Any CPU
		{DA62B0E6-4917-43DF-B465-900B44B749EA}.Release|Any CPU.ActiveCfg = Release|Any CPU
		{B0300EAE-581C-48B9-8341-3B32C92A892B}.Debug|Any CPU.ActiveCfg = Debug|Any CPU
		{B0300EAE-581C-48B9-8341-3B32C92A892B}.Debug|Any CPU.Build.0 = Debug|Any CPU
		{B0300EAE-581C-48B9-8341-3B32C92A892B}.Release|Any CPU.ActiveCfg = Release|Any CPU
		{6420EE00-875B-49A9-87EF-DC297D6D7920}.Debug|Any CPU.ActiveCfg = Debug|Any CPU
		{6420EE00-875B-49A9-87EF-DC297D6D7920}.Debug|Any CPU.Build.0 = Debug|Any CPU
		{6420EE00-875B-49A9-87EF-DC297D6D7920}.Release|Any CPU.ActiveCfg = Release|Any CPU
		{0CDED490-8FDB-480C-A599-C945EC1E9E2D}.Debug|Any CPU.ActiveCfg = Debug|Any CPU
		{0CDED490-8FDB-480C-A599-C945EC1E9E2D}.Debug|Any CPU.Build.0 = Debug|Any CPU
		{0CDED490-8FDB-480C-A599-C945EC1E9E2D}.Release|Any CPU.ActiveCfg = Release|Any CPU
		{3D7865AB-1A60-4BB9-AE9D-26DE044284CD}.Debug|Any CPU.ActiveCfg = Debug|Any CPU
		{3D7865AB-1A60-4BB9-AE9D-26DE044284CD}.Debug|Any CPU.Build.0 = Debug|Any CPU
		{3D7865AB-1A60-4BB9-AE9D-26DE044284CD}.Release|Any CPU.ActiveCfg = Release|Any CPU
		{5C41F908-C978-4DE2-937C-706682EDE63E}.Debug|Any CPU.ActiveCfg = Debug|Any CPU
		{5C41F908-C978-4DE2-937C-706682EDE63E}.Debug|Any CPU.Build.0 = Debug|Any CPU
		{5C41F908-C978-4DE2-937C-706682EDE63E}.Release|Any CPU.ActiveCfg = Release|Any CPU
		{4F30191C-98BA-4619-8A22-AE6850D42CEC}.Debug|Any CPU.ActiveCfg = Debug|Any CPU
		{4F30191C-98BA-4619-8A22-AE6850D42CEC}.Debug|Any CPU.Build.0 = Debug|Any CPU
		{4F30191C-98BA-4619-8A22-AE6850D42CEC}.Release|Any CPU.ActiveCfg = Release|Any CPU
		{4422CB27-B87E-4058-B7C0-DFF740ED8E65}.Debug|Any CPU.ActiveCfg = Debug|Any CPU
		{4422CB27-B87E-4058-B7C0-DFF740ED8E65}.Debug|Any CPU.Build.0 = Debug|Any CPU
		{4422CB27-B87E-4058-B7C0-DFF740ED8E65}.Release|Any CPU.ActiveCfg = Release|Any CPU
		{4422CB27-B87E-4058-B7C0-DFF740ED8E65}.Release|Any CPU.Build.0 = Release|Any CPU
		{8B36E3D0-D8DD-426F-A769-8C26B9308987}.Debug|Any CPU.ActiveCfg = Debug|Any CPU
		{8B36E3D0-D8DD-426F-A769-8C26B9308987}.Debug|Any CPU.Build.0 = Debug|Any CPU
		{8B36E3D0-D8DD-426F-A769-8C26B9308987}.Release|Any CPU.ActiveCfg = Release|Any CPU
		{8B36E3D0-D8DD-426F-A769-8C26B9308987}.Release|Any CPU.Build.0 = Release|Any CPU
	EndGlobalSection
	GlobalSection(SolutionProperties) = preSolution
		HideSolutionNode = FALSE
	EndGlobalSection
	GlobalSection(NestedProjects) = preSolution
		{30C59216-F05B-421F-AB63-FA9F8F3BE7EB} = {9D7EB74B-BC34-48A2-8C5E-18BEEE82D763}
		{DEE41ECD-6E6F-4BB4-A6B8-030902EE8F3D} = {9D7EB74B-BC34-48A2-8C5E-18BEEE82D763}
		{4029100B-5836-40CD-A96E-7F0955CA233A} = {9D7EB74B-BC34-48A2-8C5E-18BEEE82D763}
		{A3EC71B9-32D6-4AFD-B735-4811AA5D22A6} = {9D7EB74B-BC34-48A2-8C5E-18BEEE82D763}
		{D47C35D5-A4BF-4D4D-A413-5B23CA41907E} = {9D7EB74B-BC34-48A2-8C5E-18BEEE82D763}
		{78C7785C-DE83-4D9B-B051-DA9631DD265E} = {9D7EB74B-BC34-48A2-8C5E-18BEEE82D763}
		{91EC0382-C412-47C2-B0C7-5D4CD4CB46B1} = {9D7EB74B-BC34-48A2-8C5E-18BEEE82D763}
		{DA62B0E6-4917-43DF-B465-900B44B749EA} = {5882DF01-3C68-4B17-9D36-5AA83E5119EE}
		{B0300EAE-581C-48B9-8341-3B32C92A892B} = {5882DF01-3C68-4B17-9D36-5AA83E5119EE}
		{6420EE00-875B-49A9-87EF-DC297D6D7920} = {5882DF01-3C68-4B17-9D36-5AA83E5119EE}
		{0CDED490-8FDB-480C-A599-C945EC1E9E2D} = {5882DF01-3C68-4B17-9D36-5AA83E5119EE}
		{3D7865AB-1A60-4BB9-AE9D-26DE044284CD} = {5882DF01-3C68-4B17-9D36-5AA83E5119EE}
		{5C41F908-C978-4DE2-937C-706682EDE63E} = {5882DF01-3C68-4B17-9D36-5AA83E5119EE}
		{4F30191C-98BA-4619-8A22-AE6850D42CEC} = {5882DF01-3C68-4B17-9D36-5AA83E5119EE}
		{8B36E3D0-D8DD-426F-A769-8C26B9308987} = {5882DF01-3C68-4B17-9D36-5AA83E5119EE}
	EndGlobalSection
	GlobalSection(ExtensibilityGlobals) = postSolution
		SolutionGuid = {88C60CFA-317B-4439-ACA0-4CBE16274F91}
	EndGlobalSection
EndGlobal
