
Microsoft Visual Studio Solution File, Format Version 12.00
# Visual Studio Version 17
VisualStudioVersion = 17.0.32112.339
MinimumVisualStudioVersion = 10.0.40219.1
Project("{2150E333-8FDC-42A3-9474-1A3956D46DE8}") = ".solution", ".solution", "{EA0E8885-9387-4A54-8DE6-65EB2431C1B9}"
	ProjectSection(SolutionItems) = preProject
		.gitignore = .gitignore
		appsettings.default.json = appsettings.default.json
		icon.ico = icon.ico
		icon.png = icon.png
		LICENSE = LICENSE
		NanoCore.nuspec = NanoCore.nuspec
		README.md = README.md
	EndProjectSection
	ProjectSection(FolderGlobals) = preProject
		__JSONSchema = http://json.schemastore.org/band-manifest
	EndProjectSection
EndProject
Project("{2150E333-8FDC-42A3-9474-1A3956D46DE8}") = ".tests", ".tests", "{5882DF01-3C68-4B17-9D36-5AA83E5119EE}"
EndProject
Project("{9A19103F-16F7-4668-BE54-9A1E7A4F7556}") = "Nano.App", "Nano.App\Nano.App.csproj", "{30C59216-F05B-421F-AB63-FA9F8F3BE7EB}"
EndProject
Project("{2150E333-8FDC-42A3-9474-1A3956D46DE8}") = ".github", ".github", "{02EA681E-C7D8-13C7-8484-4AC65E1B71E8}"
	ProjectSection(SolutionItems) = preProject
		.github\FUNDING.yml = .github\FUNDING.yml
	EndProjectSection
EndProject
Project("{2150E333-8FDC-42A3-9474-1A3956D46DE8}") = "workflows", "workflows", "{D2A93021-08C0-4FEF-A5C7-A3A30253637A}"
	ProjectSection(SolutionItems) = preProject
		.github\workflows\build-and-deploy.yml = .github\workflows\build-and-deploy.yml
	EndProjectSection
EndProject
Project("{2150E333-8FDC-42A3-9474-1A3956D46DE8}") = ".xnew", ".xnew", "{63AD9A68-EA4D-4C0E-BD72-6B3086BA2784}"
EndProject
Project("{FAE04EC0-301F-11D3-BF4B-00C04F79EFBC}") = "Nano.Common", ".xnew\Nano.Common\Nano.Common.csproj", "{96795BD9-A4B3-BD11-90B7-34D4232DA493}"
EndProject
Project("{FAE04EC0-301F-11D3-BF4B-00C04F79EFBC}") = "Nano.Storage.Azure", ".xnew\Nano.Storage.Azure\Nano.Storage.Azure.csproj", "{1A018395-88BB-2B0A-5820-21231354B85E}"
EndProject
Project("{FAE04EC0-301F-11D3-BF4B-00C04F79EFBC}") = "Nano.Storage", ".xnew\Nano.Storage\Nano.Storage.csproj", "{39F393E8-C347-968A-B488-87568A6365BD}"
EndProject
Project("{FAE04EC0-301F-11D3-BF4B-00C04F79EFBC}") = "Nano.Logging", ".xnew\Nano.Logging\Nano.Logging.csproj", "{C10A6DDB-2AE9-D827-DB20-9B8DEA1A891F}"
EndProject
Project("{FAE04EC0-301F-11D3-BF4B-00C04F79EFBC}") = "Nano.Logging.Serilog", ".xnew\Nano.Logging.Serilog\Nano.Logging.Serilog.csproj", "{E68D868B-4CFB-F781-EBDD-3FC07ADB2F08}"
EndProject
Project("{FAE04EC0-301F-11D3-BF4B-00C04F79EFBC}") = "Nano.Logging.Log4Net", ".xnew\Nano.Logging.Log4Net\Nano.Logging.Log4Net.csproj", "{2B97FE42-5B17-04F8-B37F-9457BE032F8F}"
EndProject
Project("{FAE04EC0-301F-11D3-BF4B-00C04F79EFBC}") = "Nano.Eventing", ".xnew\Nano.Eventing\Nano.Eventing.csproj", "{A189EF7C-3586-9B4E-DFA7-946958A7FC54}"
EndProject
Project("{FAE04EC0-301F-11D3-BF4B-00C04F79EFBC}") = "Nano.Eventing.RabbitMq", ".xnew\Nano.Eventing.RabbitMq\Nano.Eventing.RabbitMq.csproj", "{0E9DFAAE-0716-13A2-0D1A-5B0C47726760}"
EndProject
Project("{FAE04EC0-301F-11D3-BF4B-00C04F79EFBC}") = "Nano.Eventing.Abstractions", ".xnew\Nano.Eventing.Abstractions\Nano.Eventing.Abstractions.csproj", "{14027644-19CC-3B26-45B2-021831EA095B}"
EndProject
Project("{FAE04EC0-301F-11D3-BF4B-00C04F79EFBC}") = "Nano.Data.Abstractions", ".xnew\Nano.Data.Abstractions\Nano.Data.Abstractions.csproj", "{EA8679AF-5C82-824E-9AA2-B03367EC02AE}"
EndProject
Project("{FAE04EC0-301F-11D3-BF4B-00C04F79EFBC}") = "Nano.Logging.Abstractions", ".xnew\Nano.Logging.Abstractions\Nano.Logging.Abstractions.csproj", "{F355B85E-8140-0048-651C-F7CADC3A8F8E}"
EndProject
Project("{FAE04EC0-301F-11D3-BF4B-00C04F79EFBC}") = "Nano.Storage.Abstractions", ".xnew\Nano.Storage.Abstractions\Nano.Storage.Abstractions.csproj", "{C5748D47-002E-AE91-570A-AA0C3B8F3AAB}"
EndProject
Project("{FAE04EC0-301F-11D3-BF4B-00C04F79EFBC}") = "Nano.Data", ".xnew\Nano.Data\Nano.Data.csproj", "{EE2BC050-CF85-DA08-A67A-2AAD7986EC7A}"
EndProject
Project("{FAE04EC0-301F-11D3-BF4B-00C04F79EFBC}") = "Nano.Data.InMemory", ".xnew\Nano.Data.InMemory\Nano.Data.InMemory.csproj", "{A116334D-B097-BFDB-FE55-CA59DD137AF6}"
EndProject
Project("{FAE04EC0-301F-11D3-BF4B-00C04F79EFBC}") = "Nano.Data.MySql", ".xnew\Nano.Data.MySql\Nano.Data.MySql.csproj", "{D4AB932E-996B-6804-87CB-50C72C7D28B9}"
EndProject
Project("{FAE04EC0-301F-11D3-BF4B-00C04F79EFBC}") = "Nano.Data.SqLite", ".xnew\Nano.Data.SqLite\Nano.Data.SqLite.csproj", "{09CCF73D-31DE-F792-C5C2-EA3D5BC8DB84}"
EndProject
Project("{FAE04EC0-301F-11D3-BF4B-00C04F79EFBC}") = "Nano.Data.SqlServer", ".xnew\Nano.Data.SqlServer\Nano.Data.SqlServer.csproj", "{7515B57F-97F4-68E2-FC38-11EEC7E08976}"
EndProject
Project("{FAE04EC0-301F-11D3-BF4B-00C04F79EFBC}") = "Nano.App.Console", "Nano.App.Console\Nano.App.Console.csproj", "{83F6B233-1820-E3F6-A71B-6C9A962F3F8E}"
EndProject
Project("{FAE04EC0-301F-11D3-BF4B-00C04F79EFBC}") = "Nano.App.Web", "Nano.App.Web\Nano.App.Web.csproj", "{9DCA21D0-C8D3-97D0-6BD6-01FC69E0DBE9}"
EndProject
Project("{FAE04EC0-301F-11D3-BF4B-00C04F79EFBC}") = "Tests.Nano.Library", ".tests\Tests.Nano.Library\Tests.Nano.Library.csproj", "{F8CDE9D5-7786-9CD4-173A-20498276AE8A}"
EndProject
Global
	GlobalSection(SolutionConfigurationPlatforms) = preSolution
		Debug|Any CPU = Debug|Any CPU
		Release|Any CPU = Release|Any CPU
	EndGlobalSection
	GlobalSection(ProjectConfigurationPlatforms) = postSolution
		{30C59216-F05B-421F-AB63-FA9F8F3BE7EB}.Debug|Any CPU.ActiveCfg = Debug|Any CPU
		{30C59216-F05B-421F-AB63-FA9F8F3BE7EB}.Debug|Any CPU.Build.0 = Debug|Any CPU
		{30C59216-F05B-421F-AB63-FA9F8F3BE7EB}.Release|Any CPU.ActiveCfg = Release|Any CPU
		{30C59216-F05B-421F-AB63-FA9F8F3BE7EB}.Release|Any CPU.Build.0 = Release|Any CPU
		{96795BD9-A4B3-BD11-90B7-34D4232DA493}.Debug|Any CPU.ActiveCfg = Debug|Any CPU
		{96795BD9-A4B3-BD11-90B7-34D4232DA493}.Debug|Any CPU.Build.0 = Debug|Any CPU
		{96795BD9-A4B3-BD11-90B7-34D4232DA493}.Release|Any CPU.ActiveCfg = Release|Any CPU
		{96795BD9-A4B3-BD11-90B7-34D4232DA493}.Release|Any CPU.Build.0 = Release|Any CPU
		{1A018395-88BB-2B0A-5820-21231354B85E}.Debug|Any CPU.ActiveCfg = Debug|Any CPU
		{1A018395-88BB-2B0A-5820-21231354B85E}.Debug|Any CPU.Build.0 = Debug|Any CPU
		{1A018395-88BB-2B0A-5820-21231354B85E}.Release|Any CPU.ActiveCfg = Release|Any CPU
		{1A018395-88BB-2B0A-5820-21231354B85E}.Release|Any CPU.Build.0 = Release|Any CPU
		{39F393E8-C347-968A-B488-87568A6365BD}.Debug|Any CPU.ActiveCfg = Debug|Any CPU
		{39F393E8-C347-968A-B488-87568A6365BD}.Debug|Any CPU.Build.0 = Debug|Any CPU
		{39F393E8-C347-968A-B488-87568A6365BD}.Release|Any CPU.ActiveCfg = Release|Any CPU
		{39F393E8-C347-968A-B488-87568A6365BD}.Release|Any CPU.Build.0 = Release|Any CPU
		{C10A6DDB-2AE9-D827-DB20-9B8DEA1A891F}.Debug|Any CPU.ActiveCfg = Debug|Any CPU
		{C10A6DDB-2AE9-D827-DB20-9B8DEA1A891F}.Debug|Any CPU.Build.0 = Debug|Any CPU
		{C10A6DDB-2AE9-D827-DB20-9B8DEA1A891F}.Release|Any CPU.ActiveCfg = Release|Any CPU
		{C10A6DDB-2AE9-D827-DB20-9B8DEA1A891F}.Release|Any CPU.Build.0 = Release|Any CPU
		{E68D868B-4CFB-F781-EBDD-3FC07ADB2F08}.Debug|Any CPU.ActiveCfg = Debug|Any CPU
		{E68D868B-4CFB-F781-EBDD-3FC07ADB2F08}.Debug|Any CPU.Build.0 = Debug|Any CPU
		{E68D868B-4CFB-F781-EBDD-3FC07ADB2F08}.Release|Any CPU.ActiveCfg = Release|Any CPU
		{E68D868B-4CFB-F781-EBDD-3FC07ADB2F08}.Release|Any CPU.Build.0 = Release|Any CPU
		{2B97FE42-5B17-04F8-B37F-9457BE032F8F}.Debug|Any CPU.ActiveCfg = Debug|Any CPU
		{2B97FE42-5B17-04F8-B37F-9457BE032F8F}.Debug|Any CPU.Build.0 = Debug|Any CPU
		{2B97FE42-5B17-04F8-B37F-9457BE032F8F}.Release|Any CPU.ActiveCfg = Release|Any CPU
		{2B97FE42-5B17-04F8-B37F-9457BE032F8F}.Release|Any CPU.Build.0 = Release|Any CPU
		{A189EF7C-3586-9B4E-DFA7-946958A7FC54}.Debug|Any CPU.ActiveCfg = Debug|Any CPU
		{A189EF7C-3586-9B4E-DFA7-946958A7FC54}.Debug|Any CPU.Build.0 = Debug|Any CPU
		{A189EF7C-3586-9B4E-DFA7-946958A7FC54}.Release|Any CPU.ActiveCfg = Release|Any CPU
		{A189EF7C-3586-9B4E-DFA7-946958A7FC54}.Release|Any CPU.Build.0 = Release|Any CPU
		{0E9DFAAE-0716-13A2-0D1A-5B0C47726760}.Debug|Any CPU.ActiveCfg = Debug|Any CPU
		{0E9DFAAE-0716-13A2-0D1A-5B0C47726760}.Debug|Any CPU.Build.0 = Debug|Any CPU
		{0E9DFAAE-0716-13A2-0D1A-5B0C47726760}.Release|Any CPU.ActiveCfg = Release|Any CPU
		{0E9DFAAE-0716-13A2-0D1A-5B0C47726760}.Release|Any CPU.Build.0 = Release|Any CPU
		{14027644-19CC-3B26-45B2-021831EA095B}.Debug|Any CPU.ActiveCfg = Debug|Any CPU
		{14027644-19CC-3B26-45B2-021831EA095B}.Debug|Any CPU.Build.0 = Debug|Any CPU
		{14027644-19CC-3B26-45B2-021831EA095B}.Release|Any CPU.ActiveCfg = Release|Any CPU
		{14027644-19CC-3B26-45B2-021831EA095B}.Release|Any CPU.Build.0 = Release|Any CPU
		{EA8679AF-5C82-824E-9AA2-B03367EC02AE}.Debug|Any CPU.ActiveCfg = Debug|Any CPU
		{EA8679AF-5C82-824E-9AA2-B03367EC02AE}.Debug|Any CPU.Build.0 = Debug|Any CPU
		{EA8679AF-5C82-824E-9AA2-B03367EC02AE}.Release|Any CPU.ActiveCfg = Release|Any CPU
		{EA8679AF-5C82-824E-9AA2-B03367EC02AE}.Release|Any CPU.Build.0 = Release|Any CPU
		{F355B85E-8140-0048-651C-F7CADC3A8F8E}.Debug|Any CPU.ActiveCfg = Debug|Any CPU
		{F355B85E-8140-0048-651C-F7CADC3A8F8E}.Debug|Any CPU.Build.0 = Debug|Any CPU
		{F355B85E-8140-0048-651C-F7CADC3A8F8E}.Release|Any CPU.ActiveCfg = Release|Any CPU
		{F355B85E-8140-0048-651C-F7CADC3A8F8E}.Release|Any CPU.Build.0 = Release|Any CPU
		{C5748D47-002E-AE91-570A-AA0C3B8F3AAB}.Debug|Any CPU.ActiveCfg = Debug|Any CPU
		{C5748D47-002E-AE91-570A-AA0C3B8F3AAB}.Debug|Any CPU.Build.0 = Debug|Any CPU
		{C5748D47-002E-AE91-570A-AA0C3B8F3AAB}.Release|Any CPU.ActiveCfg = Release|Any CPU
		{C5748D47-002E-AE91-570A-AA0C3B8F3AAB}.Release|Any CPU.Build.0 = Release|Any CPU
		{EE2BC050-CF85-DA08-A67A-2AAD7986EC7A}.Debug|Any CPU.ActiveCfg = Debug|Any CPU
		{EE2BC050-CF85-DA08-A67A-2AAD7986EC7A}.Debug|Any CPU.Build.0 = Debug|Any CPU
		{EE2BC050-CF85-DA08-A67A-2AAD7986EC7A}.Release|Any CPU.ActiveCfg = Release|Any CPU
		{EE2BC050-CF85-DA08-A67A-2AAD7986EC7A}.Release|Any CPU.Build.0 = Release|Any CPU
		{A116334D-B097-BFDB-FE55-CA59DD137AF6}.Debug|Any CPU.ActiveCfg = Debug|Any CPU
		{A116334D-B097-BFDB-FE55-CA59DD137AF6}.Debug|Any CPU.Build.0 = Debug|Any CPU
		{A116334D-B097-BFDB-FE55-CA59DD137AF6}.Release|Any CPU.ActiveCfg = Release|Any CPU
		{A116334D-B097-BFDB-FE55-CA59DD137AF6}.Release|Any CPU.Build.0 = Release|Any CPU
		{D4AB932E-996B-6804-87CB-50C72C7D28B9}.Debug|Any CPU.ActiveCfg = Debug|Any CPU
		{D4AB932E-996B-6804-87CB-50C72C7D28B9}.Debug|Any CPU.Build.0 = Debug|Any CPU
		{D4AB932E-996B-6804-87CB-50C72C7D28B9}.Release|Any CPU.ActiveCfg = Release|Any CPU
		{D4AB932E-996B-6804-87CB-50C72C7D28B9}.Release|Any CPU.Build.0 = Release|Any CPU
		{09CCF73D-31DE-F792-C5C2-EA3D5BC8DB84}.Debug|Any CPU.ActiveCfg = Debug|Any CPU
		{09CCF73D-31DE-F792-C5C2-EA3D5BC8DB84}.Debug|Any CPU.Build.0 = Debug|Any CPU
		{09CCF73D-31DE-F792-C5C2-EA3D5BC8DB84}.Release|Any CPU.ActiveCfg = Release|Any CPU
		{09CCF73D-31DE-F792-C5C2-EA3D5BC8DB84}.Release|Any CPU.Build.0 = Release|Any CPU
		{7515B57F-97F4-68E2-FC38-11EEC7E08976}.Debug|Any CPU.ActiveCfg = Debug|Any CPU
		{7515B57F-97F4-68E2-FC38-11EEC7E08976}.Debug|Any CPU.Build.0 = Debug|Any CPU
		{7515B57F-97F4-68E2-FC38-11EEC7E08976}.Release|Any CPU.ActiveCfg = Release|Any CPU
		{7515B57F-97F4-68E2-FC38-11EEC7E08976}.Release|Any CPU.Build.0 = Release|Any CPU
		{83F6B233-1820-E3F6-A71B-6C9A962F3F8E}.Debug|Any CPU.ActiveCfg = Debug|Any CPU
		{83F6B233-1820-E3F6-A71B-6C9A962F3F8E}.Debug|Any CPU.Build.0 = Debug|Any CPU
		{83F6B233-1820-E3F6-A71B-6C9A962F3F8E}.Release|Any CPU.ActiveCfg = Release|Any CPU
		{83F6B233-1820-E3F6-A71B-6C9A962F3F8E}.Release|Any CPU.Build.0 = Release|Any CPU
		{9DCA21D0-C8D3-97D0-6BD6-01FC69E0DBE9}.Debug|Any CPU.ActiveCfg = Debug|Any CPU
		{9DCA21D0-C8D3-97D0-6BD6-01FC69E0DBE9}.Debug|Any CPU.Build.0 = Debug|Any CPU
		{9DCA21D0-C8D3-97D0-6BD6-01FC69E0DBE9}.Release|Any CPU.ActiveCfg = Release|Any CPU
		{9DCA21D0-C8D3-97D0-6BD6-01FC69E0DBE9}.Release|Any CPU.Build.0 = Release|Any CPU
		{F8CDE9D5-7786-9CD4-173A-20498276AE8A}.Debug|Any CPU.ActiveCfg = Debug|Any CPU
		{F8CDE9D5-7786-9CD4-173A-20498276AE8A}.Debug|Any CPU.Build.0 = Debug|Any CPU
		{F8CDE9D5-7786-9CD4-173A-20498276AE8A}.Release|Any CPU.ActiveCfg = Release|Any CPU
		{F8CDE9D5-7786-9CD4-173A-20498276AE8A}.Release|Any CPU.Build.0 = Release|Any CPU
	EndGlobalSection
	GlobalSection(SolutionProperties) = preSolution
		HideSolutionNode = FALSE
	EndGlobalSection
	GlobalSection(NestedProjects) = preSolution
		{D2A93021-08C0-4FEF-A5C7-A3A30253637A} = {02EA681E-C7D8-13C7-8484-4AC65E1B71E8}
		{96795BD9-A4B3-BD11-90B7-34D4232DA493} = {63AD9A68-EA4D-4C0E-BD72-6B3086BA2784}
		{1A018395-88BB-2B0A-5820-21231354B85E} = {63AD9A68-EA4D-4C0E-BD72-6B3086BA2784}
		{39F393E8-C347-968A-B488-87568A6365BD} = {63AD9A68-EA4D-4C0E-BD72-6B3086BA2784}
		{C10A6DDB-2AE9-D827-DB20-9B8DEA1A891F} = {63AD9A68-EA4D-4C0E-BD72-6B3086BA2784}
		{E68D868B-4CFB-F781-EBDD-3FC07ADB2F08} = {63AD9A68-EA4D-4C0E-BD72-6B3086BA2784}
		{2B97FE42-5B17-04F8-B37F-9457BE032F8F} = {63AD9A68-EA4D-4C0E-BD72-6B3086BA2784}
		{A189EF7C-3586-9B4E-DFA7-946958A7FC54} = {63AD9A68-EA4D-4C0E-BD72-6B3086BA2784}
		{0E9DFAAE-0716-13A2-0D1A-5B0C47726760} = {63AD9A68-EA4D-4C0E-BD72-6B3086BA2784}
		{14027644-19CC-3B26-45B2-021831EA095B} = {63AD9A68-EA4D-4C0E-BD72-6B3086BA2784}
		{EA8679AF-5C82-824E-9AA2-B03367EC02AE} = {63AD9A68-EA4D-4C0E-BD72-6B3086BA2784}
		{F355B85E-8140-0048-651C-F7CADC3A8F8E} = {63AD9A68-EA4D-4C0E-BD72-6B3086BA2784}
		{C5748D47-002E-AE91-570A-AA0C3B8F3AAB} = {63AD9A68-EA4D-4C0E-BD72-6B3086BA2784}
		{EE2BC050-CF85-DA08-A67A-2AAD7986EC7A} = {63AD9A68-EA4D-4C0E-BD72-6B3086BA2784}
		{A116334D-B097-BFDB-FE55-CA59DD137AF6} = {63AD9A68-EA4D-4C0E-BD72-6B3086BA2784}
		{D4AB932E-996B-6804-87CB-50C72C7D28B9} = {63AD9A68-EA4D-4C0E-BD72-6B3086BA2784}
		{09CCF73D-31DE-F792-C5C2-EA3D5BC8DB84} = {63AD9A68-EA4D-4C0E-BD72-6B3086BA2784}
		{7515B57F-97F4-68E2-FC38-11EEC7E08976} = {63AD9A68-EA4D-4C0E-BD72-6B3086BA2784}
		{F8CDE9D5-7786-9CD4-173A-20498276AE8A} = {5882DF01-3C68-4B17-9D36-5AA83E5119EE}
	EndGlobalSection
	GlobalSection(ExtensibilityGlobals) = postSolution
		SolutionGuid = {88C60CFA-317B-4439-ACA0-4CBE16274F91}
	EndGlobalSection
EndGlobal
