
Microsoft Visual Studio Solution File, Format Version 12.00
# Visual Studio 15
VisualStudioVersion = 15.0.27130.2010
MinimumVisualStudioVersion = 10.0.40219.1
Project("{2150E333-8FDC-42A3-9474-1A3956D46DE8}") = ".solution", ".solution", "{EA0E8885-9387-4A54-8DE6-65EB2431C1B9}"
	ProjectSection(SolutionItems) = preProject
		.gitignore = .gitignore
		appsettings.default.json = appsettings.default.json
		icon.ico = icon.ico
		LICENSE = LICENSE
		README.md = README.md
	EndProjectSection
EndProject
Project("{2150E333-8FDC-42A3-9474-1A3956D46DE8}") = ".tests", ".tests", "{5882DF01-3C68-4B17-9D36-5AA83E5119EE}"
EndProject
Project("{9A19103F-16F7-4668-BE54-9A1E7A4F7556}") = "Nano.App", "Nano.App\Nano.App.csproj", "{30C59216-F05B-421F-AB63-FA9F8F3BE7EB}"
EndProject
Project("{9A19103F-16F7-4668-BE54-9A1E7A4F7556}") = "Nano.Data", "Nano.Data\Nano.Data.csproj", "{DEE41ECD-6E6F-4BB4-A6B8-030902EE8F3D}"
EndProject
Project("{9A19103F-16F7-4668-BE54-9A1E7A4F7556}") = "Nano.Eventing", "Nano.Eventing\Nano.Eventing.csproj", "{4029100B-5836-40CD-A96E-7F0955CA233A}"
EndProject
Project("{9A19103F-16F7-4668-BE54-9A1E7A4F7556}") = "Nano.Models", "Nano.Models\Nano.Models.csproj", "{A3EC71B9-32D6-4AFD-B735-4811AA5D22A6}"
EndProject
Project("{9A19103F-16F7-4668-BE54-9A1E7A4F7556}") = "Nano.Logging", "Nano.Logging\Nano.Logging.csproj", "{D47C35D5-A4BF-4D4D-A413-5B23CA41907E}"
EndProject
Project("{9A19103F-16F7-4668-BE54-9A1E7A4F7556}") = "Nano.Web", "Nano.Web\Nano.Web.csproj", "{91EC0382-C412-47C2-B0C7-5D4CD4CB46B1}"
EndProject
Project("{9A19103F-16F7-4668-BE54-9A1E7A4F7556}") = "Tests.Nano", ".tests\Tests.Nano\Tests.Nano.csproj", "{82F71560-90D7-4016-9CDB-3D8E89F15590}"
EndProject
Project("{9A19103F-16F7-4668-BE54-9A1E7A4F7556}") = "Tests.Nano.App", ".tests\Tests.Nano.App\Tests.Nano.App.csproj", "{757E68AE-5C7E-4E40-9555-A8B6C0238EFD}"
EndProject
Project("{9A19103F-16F7-4668-BE54-9A1E7A4F7556}") = "Tests.Nano.Data", ".tests\Tests.Nano.Data\Tests.Nano.Data.csproj", "{2E89EEEF-29EB-45CC-9FD5-B2A4B6A88927}"
EndProject
Project("{9A19103F-16F7-4668-BE54-9A1E7A4F7556}") = "Tests.Nano.Eventing", ".tests\Tests.Nano.Eventing\Tests.Nano.Eventing.csproj", "{14011DDA-1191-4FDD-ABE9-ACEED515D80B}"
EndProject
Project("{9A19103F-16F7-4668-BE54-9A1E7A4F7556}") = "Tests.Nano.Logging", ".tests\Tests.Nano.Logging\Tests.Nano.Logging.csproj", "{8E5688E0-5295-45F6-9C39-0B8E73B9C2CC}"
EndProject
Project("{9A19103F-16F7-4668-BE54-9A1E7A4F7556}") = "Tests.Nano.Models", ".tests\Tests.Nano.Models\Tests.Nano.Models.csproj", "{C2568E4B-655C-4B04-8848-A97A85E1A58A}"
EndProject
Project("{9A19103F-16F7-4668-BE54-9A1E7A4F7556}") = "Tests.Nano.Web", ".tests\Tests.Nano.Web\Tests.Nano.Web.csproj", "{477093C4-B097-49AF-B5F8-F7A138761996}"
EndProject
Project("{9A19103F-16F7-4668-BE54-9A1E7A4F7556}") = "Nano.Config", "Nano.Config\Nano.Config.csproj", "{B7AA7F96-5F1B-423E-9B44-E8AFA6978DDC}"
EndProject
Project("{9A19103F-16F7-4668-BE54-9A1E7A4F7556}") = "Tests.Nano.Config", ".tests\Tests.Nano.Config\Tests.Nano.Config.csproj", "{6D8D2A03-0AFC-4B81-A249-DE71D9C779E9}"
EndProject
Project("{9A19103F-16F7-4668-BE54-9A1E7A4F7556}") = "Nano.Security", "Nano.Security\Nano.Security.csproj", "{4A158BDD-CBCD-4007-8AB5-A21E188B11DC}"
EndProject
Project("{9A19103F-16F7-4668-BE54-9A1E7A4F7556}") = "Tests.Nano.Security", ".tests\Tests.Nano.Security\Tests.Nano.Security.csproj", "{370F5096-84CC-4AB9-9C83-1E84B4E67CB5}"
EndProject
Project("{9A19103F-16F7-4668-BE54-9A1E7A4F7556}") = "Nano.Console", "Nano.Console\Nano.Console.csproj", "{E6BD35B0-1811-4639-8DC1-2028B6A78391}"
EndProject
Project("{9A19103F-16F7-4668-BE54-9A1E7A4F7556}") = "Tests.Nano.Console", ".tests\Tests.Nano.Console\Tests.Nano.Console.csproj", "{CDA68016-CE6C-48F3-BAE4-D05A369AA732}"
EndProject
Project("{9A19103F-16F7-4668-BE54-9A1E7A4F7556}") = "Nano.Repository", "Nano.Repository\Nano.Repository.csproj", "{EEF0B8EB-D97F-4FF5-8293-BC8EFEEC70C6}"
EndProject
Project("{9A19103F-16F7-4668-BE54-9A1E7A4F7556}") = "Tests.Nano.Repository", ".tests\Tests.Nano.Repository\Tests.Nano.Repository.csproj", "{81230E09-801B-4FAB-86CF-36C77BFA3E60}"
EndProject
Global
	GlobalSection(SolutionConfigurationPlatforms) = preSolution
		Debug|Any CPU = Debug|Any CPU
		Release|Any CPU = Release|Any CPU
	EndGlobalSection
	GlobalSection(ProjectConfigurationPlatforms) = postSolution
		{30C59216-F05B-421F-AB63-FA9F8F3BE7EB}.Debug|Any CPU.ActiveCfg = Debug|Any CPU
		{30C59216-F05B-421F-AB63-FA9F8F3BE7EB}.Debug|Any CPU.Build.0 = Debug|Any CPU
		{30C59216-F05B-421F-AB63-FA9F8F3BE7EB}.Release|Any CPU.ActiveCfg = Release|Any CPU
		{30C59216-F05B-421F-AB63-FA9F8F3BE7EB}.Release|Any CPU.Build.0 = Release|Any CPU
		{DEE41ECD-6E6F-4BB4-A6B8-030902EE8F3D}.Debug|Any CPU.ActiveCfg = Debug|Any CPU
		{DEE41ECD-6E6F-4BB4-A6B8-030902EE8F3D}.Debug|Any CPU.Build.0 = Debug|Any CPU
		{DEE41ECD-6E6F-4BB4-A6B8-030902EE8F3D}.Release|Any CPU.ActiveCfg = Release|Any CPU
		{DEE41ECD-6E6F-4BB4-A6B8-030902EE8F3D}.Release|Any CPU.Build.0 = Release|Any CPU
		{4029100B-5836-40CD-A96E-7F0955CA233A}.Debug|Any CPU.ActiveCfg = Debug|Any CPU
		{4029100B-5836-40CD-A96E-7F0955CA233A}.Debug|Any CPU.Build.0 = Debug|Any CPU
		{4029100B-5836-40CD-A96E-7F0955CA233A}.Release|Any CPU.ActiveCfg = Release|Any CPU
		{4029100B-5836-40CD-A96E-7F0955CA233A}.Release|Any CPU.Build.0 = Release|Any CPU
		{A3EC71B9-32D6-4AFD-B735-4811AA5D22A6}.Debug|Any CPU.ActiveCfg = Debug|Any CPU
		{A3EC71B9-32D6-4AFD-B735-4811AA5D22A6}.Debug|Any CPU.Build.0 = Debug|Any CPU
		{A3EC71B9-32D6-4AFD-B735-4811AA5D22A6}.Release|Any CPU.ActiveCfg = Release|Any CPU
		{A3EC71B9-32D6-4AFD-B735-4811AA5D22A6}.Release|Any CPU.Build.0 = Release|Any CPU
		{D47C35D5-A4BF-4D4D-A413-5B23CA41907E}.Debug|Any CPU.ActiveCfg = Debug|Any CPU
		{D47C35D5-A4BF-4D4D-A413-5B23CA41907E}.Debug|Any CPU.Build.0 = Debug|Any CPU
		{D47C35D5-A4BF-4D4D-A413-5B23CA41907E}.Release|Any CPU.ActiveCfg = Release|Any CPU
		{D47C35D5-A4BF-4D4D-A413-5B23CA41907E}.Release|Any CPU.Build.0 = Release|Any CPU
		{91EC0382-C412-47C2-B0C7-5D4CD4CB46B1}.Debug|Any CPU.ActiveCfg = Debug|Any CPU
		{91EC0382-C412-47C2-B0C7-5D4CD4CB46B1}.Debug|Any CPU.Build.0 = Debug|Any CPU
		{91EC0382-C412-47C2-B0C7-5D4CD4CB46B1}.Release|Any CPU.ActiveCfg = Release|Any CPU
		{91EC0382-C412-47C2-B0C7-5D4CD4CB46B1}.Release|Any CPU.Build.0 = Release|Any CPU
		{82F71560-90D7-4016-9CDB-3D8E89F15590}.Debug|Any CPU.ActiveCfg = Debug|Any CPU
		{82F71560-90D7-4016-9CDB-3D8E89F15590}.Debug|Any CPU.Build.0 = Debug|Any CPU
		{82F71560-90D7-4016-9CDB-3D8E89F15590}.Release|Any CPU.ActiveCfg = Release|Any CPU
		{82F71560-90D7-4016-9CDB-3D8E89F15590}.Release|Any CPU.Build.0 = Release|Any CPU
		{757E68AE-5C7E-4E40-9555-A8B6C0238EFD}.Debug|Any CPU.ActiveCfg = Debug|Any CPU
		{757E68AE-5C7E-4E40-9555-A8B6C0238EFD}.Debug|Any CPU.Build.0 = Debug|Any CPU
		{757E68AE-5C7E-4E40-9555-A8B6C0238EFD}.Release|Any CPU.ActiveCfg = Release|Any CPU
		{757E68AE-5C7E-4E40-9555-A8B6C0238EFD}.Release|Any CPU.Build.0 = Release|Any CPU
		{2E89EEEF-29EB-45CC-9FD5-B2A4B6A88927}.Debug|Any CPU.ActiveCfg = Debug|Any CPU
		{2E89EEEF-29EB-45CC-9FD5-B2A4B6A88927}.Debug|Any CPU.Build.0 = Debug|Any CPU
		{2E89EEEF-29EB-45CC-9FD5-B2A4B6A88927}.Release|Any CPU.ActiveCfg = Release|Any CPU
		{2E89EEEF-29EB-45CC-9FD5-B2A4B6A88927}.Release|Any CPU.Build.0 = Release|Any CPU
		{14011DDA-1191-4FDD-ABE9-ACEED515D80B}.Debug|Any CPU.ActiveCfg = Debug|Any CPU
		{14011DDA-1191-4FDD-ABE9-ACEED515D80B}.Debug|Any CPU.Build.0 = Debug|Any CPU
		{14011DDA-1191-4FDD-ABE9-ACEED515D80B}.Release|Any CPU.ActiveCfg = Release|Any CPU
		{14011DDA-1191-4FDD-ABE9-ACEED515D80B}.Release|Any CPU.Build.0 = Release|Any CPU
		{8E5688E0-5295-45F6-9C39-0B8E73B9C2CC}.Debug|Any CPU.ActiveCfg = Debug|Any CPU
		{8E5688E0-5295-45F6-9C39-0B8E73B9C2CC}.Debug|Any CPU.Build.0 = Debug|Any CPU
		{8E5688E0-5295-45F6-9C39-0B8E73B9C2CC}.Release|Any CPU.ActiveCfg = Release|Any CPU
		{8E5688E0-5295-45F6-9C39-0B8E73B9C2CC}.Release|Any CPU.Build.0 = Release|Any CPU
		{C2568E4B-655C-4B04-8848-A97A85E1A58A}.Debug|Any CPU.ActiveCfg = Debug|Any CPU
		{C2568E4B-655C-4B04-8848-A97A85E1A58A}.Debug|Any CPU.Build.0 = Debug|Any CPU
		{C2568E4B-655C-4B04-8848-A97A85E1A58A}.Release|Any CPU.ActiveCfg = Release|Any CPU
		{C2568E4B-655C-4B04-8848-A97A85E1A58A}.Release|Any CPU.Build.0 = Release|Any CPU
		{477093C4-B097-49AF-B5F8-F7A138761996}.Debug|Any CPU.ActiveCfg = Debug|Any CPU
		{477093C4-B097-49AF-B5F8-F7A138761996}.Debug|Any CPU.Build.0 = Debug|Any CPU
		{477093C4-B097-49AF-B5F8-F7A138761996}.Release|Any CPU.ActiveCfg = Release|Any CPU
		{477093C4-B097-49AF-B5F8-F7A138761996}.Release|Any CPU.Build.0 = Release|Any CPU
		{B7AA7F96-5F1B-423E-9B44-E8AFA6978DDC}.Debug|Any CPU.ActiveCfg = Debug|Any CPU
		{B7AA7F96-5F1B-423E-9B44-E8AFA6978DDC}.Debug|Any CPU.Build.0 = Debug|Any CPU
		{B7AA7F96-5F1B-423E-9B44-E8AFA6978DDC}.Release|Any CPU.ActiveCfg = Release|Any CPU
		{B7AA7F96-5F1B-423E-9B44-E8AFA6978DDC}.Release|Any CPU.Build.0 = Release|Any CPU
		{6D8D2A03-0AFC-4B81-A249-DE71D9C779E9}.Debug|Any CPU.ActiveCfg = Debug|Any CPU
		{6D8D2A03-0AFC-4B81-A249-DE71D9C779E9}.Debug|Any CPU.Build.0 = Debug|Any CPU
		{6D8D2A03-0AFC-4B81-A249-DE71D9C779E9}.Release|Any CPU.ActiveCfg = Release|Any CPU
		{6D8D2A03-0AFC-4B81-A249-DE71D9C779E9}.Release|Any CPU.Build.0 = Release|Any CPU
		{4A158BDD-CBCD-4007-8AB5-A21E188B11DC}.Debug|Any CPU.ActiveCfg = Debug|Any CPU
		{4A158BDD-CBCD-4007-8AB5-A21E188B11DC}.Debug|Any CPU.Build.0 = Debug|Any CPU
		{4A158BDD-CBCD-4007-8AB5-A21E188B11DC}.Release|Any CPU.ActiveCfg = Release|Any CPU
		{4A158BDD-CBCD-4007-8AB5-A21E188B11DC}.Release|Any CPU.Build.0 = Release|Any CPU
		{370F5096-84CC-4AB9-9C83-1E84B4E67CB5}.Debug|Any CPU.ActiveCfg = Debug|Any CPU
		{370F5096-84CC-4AB9-9C83-1E84B4E67CB5}.Debug|Any CPU.Build.0 = Debug|Any CPU
		{370F5096-84CC-4AB9-9C83-1E84B4E67CB5}.Release|Any CPU.ActiveCfg = Release|Any CPU
		{370F5096-84CC-4AB9-9C83-1E84B4E67CB5}.Release|Any CPU.Build.0 = Release|Any CPU
		{E6BD35B0-1811-4639-8DC1-2028B6A78391}.Debug|Any CPU.ActiveCfg = Debug|Any CPU
		{E6BD35B0-1811-4639-8DC1-2028B6A78391}.Debug|Any CPU.Build.0 = Debug|Any CPU
		{E6BD35B0-1811-4639-8DC1-2028B6A78391}.Release|Any CPU.ActiveCfg = Release|Any CPU
		{E6BD35B0-1811-4639-8DC1-2028B6A78391}.Release|Any CPU.Build.0 = Release|Any CPU
		{CDA68016-CE6C-48F3-BAE4-D05A369AA732}.Debug|Any CPU.ActiveCfg = Debug|Any CPU
		{CDA68016-CE6C-48F3-BAE4-D05A369AA732}.Debug|Any CPU.Build.0 = Debug|Any CPU
		{CDA68016-CE6C-48F3-BAE4-D05A369AA732}.Release|Any CPU.ActiveCfg = Release|Any CPU
		{CDA68016-CE6C-48F3-BAE4-D05A369AA732}.Release|Any CPU.Build.0 = Release|Any CPU
		{EEF0B8EB-D97F-4FF5-8293-BC8EFEEC70C6}.Debug|Any CPU.ActiveCfg = Debug|Any CPU
		{EEF0B8EB-D97F-4FF5-8293-BC8EFEEC70C6}.Debug|Any CPU.Build.0 = Debug|Any CPU
		{EEF0B8EB-D97F-4FF5-8293-BC8EFEEC70C6}.Release|Any CPU.ActiveCfg = Release|Any CPU
		{EEF0B8EB-D97F-4FF5-8293-BC8EFEEC70C6}.Release|Any CPU.Build.0 = Release|Any CPU
		{81230E09-801B-4FAB-86CF-36C77BFA3E60}.Debug|Any CPU.ActiveCfg = Debug|Any CPU
		{81230E09-801B-4FAB-86CF-36C77BFA3E60}.Debug|Any CPU.Build.0 = Debug|Any CPU
		{81230E09-801B-4FAB-86CF-36C77BFA3E60}.Release|Any CPU.ActiveCfg = Release|Any CPU
		{81230E09-801B-4FAB-86CF-36C77BFA3E60}.Release|Any CPU.Build.0 = Release|Any CPU
	EndGlobalSection
	GlobalSection(SolutionProperties) = preSolution
		HideSolutionNode = FALSE
	EndGlobalSection
	GlobalSection(NestedProjects) = preSolution
		{82F71560-90D7-4016-9CDB-3D8E89F15590} = {5882DF01-3C68-4B17-9D36-5AA83E5119EE}
		{757E68AE-5C7E-4E40-9555-A8B6C0238EFD} = {5882DF01-3C68-4B17-9D36-5AA83E5119EE}
		{2E89EEEF-29EB-45CC-9FD5-B2A4B6A88927} = {5882DF01-3C68-4B17-9D36-5AA83E5119EE}
		{14011DDA-1191-4FDD-ABE9-ACEED515D80B} = {5882DF01-3C68-4B17-9D36-5AA83E5119EE}
		{8E5688E0-5295-45F6-9C39-0B8E73B9C2CC} = {5882DF01-3C68-4B17-9D36-5AA83E5119EE}
		{C2568E4B-655C-4B04-8848-A97A85E1A58A} = {5882DF01-3C68-4B17-9D36-5AA83E5119EE}
		{477093C4-B097-49AF-B5F8-F7A138761996} = {5882DF01-3C68-4B17-9D36-5AA83E5119EE}
		{6D8D2A03-0AFC-4B81-A249-DE71D9C779E9} = {5882DF01-3C68-4B17-9D36-5AA83E5119EE}
		{370F5096-84CC-4AB9-9C83-1E84B4E67CB5} = {5882DF01-3C68-4B17-9D36-5AA83E5119EE}
		{CDA68016-CE6C-48F3-BAE4-D05A369AA732} = {5882DF01-3C68-4B17-9D36-5AA83E5119EE}
		{81230E09-801B-4FAB-86CF-36C77BFA3E60} = {5882DF01-3C68-4B17-9D36-5AA83E5119EE}
	EndGlobalSection
	GlobalSection(ExtensibilityGlobals) = postSolution
		SolutionGuid = {88C60CFA-317B-4439-ACA0-4CBE16274F91}
	EndGlobalSection
EndGlobal
