
Microsoft Visual Studio Solution File, Format Version 12.00
# Visual Studio 15
VisualStudioVersion = 15.0.26730.15
MinimumVisualStudioVersion = 10.0.40219.1
Project("{2150E333-8FDC-42A3-9474-1A3956D46DE8}") = ".tests", ".tests", "{7773B880-28CE-4F50-AFC3-4064D8508D27}"
EndProject
Project("{2150E333-8FDC-42A3-9474-1A3956D46DE8}") = ".solution", ".solution", "{EA0E8885-9387-4A54-8DE6-65EB2431C1B9}"
	ProjectSection(SolutionItems) = preProject
		.gitignore = .gitignore
		icon.ico = icon.ico
		LICENSE = LICENSE
		README.md = README.md
	EndProjectSection
EndProject
Project("{9A19103F-16F7-4668-BE54-9A1E7A4F7556}") = "Nano", "Nano\Nano.csproj", "{3B1590AF-1C7F-421E-8CDA-0D46F9010897}"
EndProject
Project("{9A19103F-16F7-4668-BE54-9A1E7A4F7556}") = "Nano.Services.Globale", "Nano.Services.Globale\Nano.Services.Globale.csproj", "{A06DBC17-AE98-46DE-862C-28DE6C47DFF9}"
EndProject
Project("{E53339B2-1760-4266-BCC7-CA923CBCF16C}") = "docker-compose", "docker-compose.dcproj", "{05811249-CB4E-44EC-91C1-BDB5664A3377}"
EndProject
Project("{2150E333-8FDC-42A3-9474-1A3956D46DE8}") = ".docker", ".docker", "{F3E12BA1-7445-42C3-8BA6-8A53357F646C}"
EndProject
Global
	GlobalSection(SolutionConfigurationPlatforms) = preSolution
		Debug|Any CPU = Debug|Any CPU
		Release|Any CPU = Release|Any CPU
	EndGlobalSection
	GlobalSection(ProjectConfigurationPlatforms) = postSolution
		{3B1590AF-1C7F-421E-8CDA-0D46F9010897}.Debug|Any CPU.ActiveCfg = Debug|Any CPU
		{3B1590AF-1C7F-421E-8CDA-0D46F9010897}.Debug|Any CPU.Build.0 = Debug|Any CPU
		{3B1590AF-1C7F-421E-8CDA-0D46F9010897}.Release|Any CPU.ActiveCfg = Release|Any CPU
		{3B1590AF-1C7F-421E-8CDA-0D46F9010897}.Release|Any CPU.Build.0 = Release|Any CPU
		{A06DBC17-AE98-46DE-862C-28DE6C47DFF9}.Debug|Any CPU.ActiveCfg = Debug|Any CPU
		{A06DBC17-AE98-46DE-862C-28DE6C47DFF9}.Debug|Any CPU.Build.0 = Debug|Any CPU
		{A06DBC17-AE98-46DE-862C-28DE6C47DFF9}.Release|Any CPU.ActiveCfg = Release|Any CPU
		{A06DBC17-AE98-46DE-862C-28DE6C47DFF9}.Release|Any CPU.Build.0 = Release|Any CPU
		{05811249-CB4E-44EC-91C1-BDB5664A3377}.Debug|Any CPU.ActiveCfg = Debug|Any CPU
		{05811249-CB4E-44EC-91C1-BDB5664A3377}.Debug|Any CPU.Build.0 = Debug|Any CPU
		{05811249-CB4E-44EC-91C1-BDB5664A3377}.Release|Any CPU.ActiveCfg = Release|Any CPU
		{05811249-CB4E-44EC-91C1-BDB5664A3377}.Release|Any CPU.Build.0 = Release|Any CPU
	EndGlobalSection
	GlobalSection(SolutionProperties) = preSolution
		HideSolutionNode = FALSE
	EndGlobalSection
	GlobalSection(NestedProjects) = preSolution
		{05811249-CB4E-44EC-91C1-BDB5664A3377} = {F3E12BA1-7445-42C3-8BA6-8A53357F646C}
	EndGlobalSection
	GlobalSection(ExtensibilityGlobals) = postSolution
		SolutionGuid = {88C60CFA-317B-4439-ACA0-4CBE16274F91}
	EndGlobalSection
EndGlobal
